Microsoft Visual Studio Solution File, Format Version 12.00
# Visual Studio Version 17
VisualStudioVersion = 17.5.2.0
MinimumVisualStudioVersion = 10.0.40219.1
Project("{FAE04EC0-301F-11D3-BF4B-00C04F79EFBC}") = "JuegoDeCartas", "JuegoDeCartas\JuegoDeCartas.csproj", "{1B279015-4F74-761E-F5E3-A6B33CF529CE}"
EndProject
Global
	GlobalSection(SolutionConfigurationPlatforms) = preSolution
		Debug|Any CPU = Debug|Any CPU
		Release|Any CPU = Release|Any CPU
	EndGlobalSection
	GlobalSection(ProjectConfigurationPlatforms) = postSolution
		{1B279015-4F74-761E-F5E3-A6B33CF529CE}.Debug|Any CPU.ActiveCfg = Debug|Any CPU
		{1B279015-4F74-761E-F5E3-A6B33CF529CE}.Debug|Any CPU.Build.0 = Debug|Any CPU
		{1B279015-4F74-761E-F5E3-A6B33CF529CE}.Release|Any CPU.ActiveCfg = Release|Any CPU
		{1B279015-4F74-761E-F5E3-A6B33CF529CE}.Release|Any CPU.Build.0 = Release|Any CPU
	EndGlobalSection
	GlobalSection(SolutionProperties) = preSolution
		HideSolutionNode = FALSE
	EndGlobalSection
	GlobalSection(ExtensibilityGlobals) = postSolution
		SolutionGuid = {1BEBD918-2929-4768-A96D-8A67EA8D264E}
	EndGlobalSection
EndGlobal
